
Microsoft Visual Studio Solution File, Format Version 12.00
# Visual Studio Version 17
VisualStudioVersion = 17.3.32922.545
MinimumVisualStudioVersion = 10.0.40219.1
Project("{9A19103F-16F7-4668-BE54-9A1E7A4F7556}") = "MariaTest", "MariaTest\MariaTest.csproj", "{A3A5F499-FD0E-44FF-BA44-A38E0C10320C}"
EndProject
Project("{FAE04EC0-301F-11D3-BF4B-00C04F79EFBC}") = "MariaTest.Tests", "MariaTest.Tests\MariaTest.Tests.csproj", "{380BFB80-2826-4F52-A715-BDDF2AAA8F5E}"
EndProject
Global
	GlobalSection(SolutionConfigurationPlatforms) = preSolution
		Debug|Any CPU = Debug|Any CPU
		Release|Any CPU = Release|Any CPU
	EndGlobalSection
	GlobalSection(ProjectConfigurationPlatforms) = postSolution
		{A3A5F499-FD0E-44FF-BA44-A38E0C10320C}.Debug|Any CPU.ActiveCfg = Debug|Any CPU
		{A3A5F499-FD0E-44FF-BA44-A38E0C10320C}.Debug|Any CPU.Build.0 = Debug|Any CPU
		{A3A5F499-FD0E-44FF-BA44-A38E0C10320C}.Release|Any CPU.ActiveCfg = Release|Any CPU
		{A3A5F499-FD0E-44FF-BA44-A38E0C10320C}.Release|Any CPU.Build.0 = Release|Any CPU
		{380BFB80-2826-4F52-A715-BDDF2AAA8F5E}.Debug|Any CPU.ActiveCfg = Debug|Any CPU
		{380BFB80-2826-4F52-A715-BDDF2AAA8F5E}.Debug|Any CPU.Build.0 = Debug|Any CPU
		{380BFB80-2826-4F52-A715-BDDF2AAA8F5E}.Release|Any CPU.ActiveCfg = Release|Any CPU
		{380BFB80-2826-4F52-A715-BDDF2AAA8F5E}.Release|Any CPU.Build.0 = Release|Any CPU
	EndGlobalSection
	GlobalSection(SolutionProperties) = preSolution
		HideSolutionNode = FALSE
	EndGlobalSection
	GlobalSection(ExtensibilityGlobals) = postSolution
		SolutionGuid = {A61DB8BE-4805-443D-B0F3-0F4294C94C43}
	EndGlobalSection
EndGlobal
